{
  "requires": true,
  "lockfileVersion": 1,
  "dependencies": {
    "tocbot": {
      "version": "4.10.0",
      "resolved": "https://registry.npmjs.org/tocbot/-/tocbot-4.10.0.tgz",
      "integrity": "sha512-MbQ7xGBWdgsHBSg7/5X1k1OAio0ZRRkENfA1Off32uwm/H0a+EXMnOGhXLrlJWOpsdtEbTdL9qjgELsF6fRGYg=="
    }
  }
}
